github.com/caddyserver/caddy/v2 v2.10.2 h1:g/gTYjGMD0dec+UgMw8SnfmJ3I9+M2TdvoRL/Ovu6U8=
github.com/caddyserver/caddy/v2 v2.10.2/go.mod h1:TXLQHx+ev4HDpkO6PnVVHUbL6OXt6Dfe7VcIBdQnPL0=
github.com/google/uuid v1.6.0 h1:NIvaJDMOsjHA8n1jAhLSgzrAzy1Hgr+hNrb57e+94F0=
github.com/google/uuid v1.6.0/go.mod h1:TIyPZe4MgqvfeYDBFedMoGGpEw/LqOeaOT+nhxU+yHo=
